
Microsoft Visual Studio Solution File, Format Version 12.00
# Visual Studio 2013
VisualStudioVersion = 12.0.31101.0
MinimumVisualStudioVersion = 10.0.40219.1
Project("{FAE04EC0-301F-11D3-BF4B-00C04F79EFBC}") = "01. GreetingSystem", "01. GreetingSystem\01. GreetingSystem.csproj", "{0D6FEA18-44B4-4CF0-8BC2-BC1E7C92F67A}"
EndProject
Project("{FAE04EC0-301F-11D3-BF4B-00C04F79EFBC}") = "02. Poll", "02. Poll\02. Poll.csproj", "{75D75D71-51DC-4F71-B3FD-31CC35475983}"
EndProject
Global
	GlobalSection(SolutionConfigurationPlatforms) = preSolution
		Debug|Any CPU = Debug|Any CPU
		Release|Any CPU = Release|Any CPU
	EndGlobalSection
	GlobalSection(ProjectConfigurationPlatforms) = postSolution
		{0D6FEA18-44B4-4CF0-8BC2-BC1E7C92F67A}.Debug|Any CPU.ActiveCfg = Debug|Any CPU
		{0D6FEA18-44B4-4CF0-8BC2-BC1E7C92F67A}.Debug|Any CPU.Build.0 = Debug|Any CPU
		{0D6FEA18-44B4-4CF0-8BC2-BC1E7C92F67A}.Release|Any CPU.ActiveCfg = Release|Any CPU
		{0D6FEA18-44B4-4CF0-8BC2-BC1E7C92F67A}.Release|Any CPU.Build.0 = Release|Any CPU
		{75D75D71-51DC-4F71-B3FD-31CC35475983}.Debug|Any CPU.ActiveCfg = Debug|Any CPU
		{75D75D71-51DC-4F71-B3FD-31CC35475983}.Debug|Any CPU.Build.0 = Debug|Any CPU
		{75D75D71-51DC-4F71-B3FD-31CC35475983}.Release|Any CPU.ActiveCfg = Release|Any CPU
		{75D75D71-51DC-4F71-B3FD-31CC35475983}.Release|Any CPU.Build.0 = Release|Any CPU
	EndGlobalSection
	GlobalSection(SolutionProperties) = preSolution
		HideSolutionNode = FALSE
	EndGlobalSection
EndGlobal
