
Microsoft Visual Studio Solution File, Format Version 12.00
# Visual Studio 2013
VisualStudioVersion = 12.0.31101.0
MinimumVisualStudioVersion = 10.0.40219.1
Project("{FAE04EC0-301F-11D3-BF4B-00C04F79EFBC}") = "VehiclePark", "VehiclePark\VehiclePark.csproj", "{DAACA5E7-4461-4717-99C6-DAA783F671ED}"
EndProject
Global
	GlobalSection(SolutionConfigurationPlatforms) = preSolution
		Debug|Any CPU = Debug|Any CPU
		Release|Any CPU = Release|Any CPU
	EndGlobalSection
	GlobalSection(ProjectConfigurationPlatforms) = postSolution
		{DAACA5E7-4461-4717-99C6-DAA783F671ED}.Debug|Any CPU.ActiveCfg = Debug|Any CPU
		{DAACA5E7-4461-4717-99C6-DAA783F671ED}.Debug|Any CPU.Build.0 = Debug|Any CPU
		{DAACA5E7-4461-4717-99C6-DAA783F671ED}.Release|Any CPU.ActiveCfg = Release|Any CPU
		{DAACA5E7-4461-4717-99C6-DAA783F671ED}.Release|Any CPU.Build.0 = Release|Any CPU
	EndGlobalSection
	GlobalSection(SolutionProperties) = preSolution
		HideSolutionNode = FALSE
	EndGlobalSection
EndGlobal
