
Microsoft Visual Studio Solution File, Format Version 12.00
# Visual Studio 2013
VisualStudioVersion = 12.0.31101.0
MinimumVisualStudioVersion = 10.0.40219.1
Project("{FAE04EC0-301F-11D3-BF4B-00C04F79EFBC}") = "01. PricesTrends", "01. PricesTrends\01. PricesTrends.csproj", "{477D09F8-31BA-4E51-84EE-4ECB707EA9C9}"
EndProject
Project("{FAE04EC0-301F-11D3-BF4B-00C04F79EFBC}") = "02. TetrisFigure", "02. TetrisFigure\02. TetrisFigure.csproj", "{0BEF44A8-1576-49B7-BC1D-B2B71FFA96CC}"
EndProject
Project("{FAE04EC0-301F-11D3-BF4B-00C04F79EFBC}") = "04. StudentsCoursesGradesVisit", "04. StudentsCoursesGradesVisit\04. StudentsCoursesGradesVisit.csproj", "{9CC29305-177F-442D-A493-0B74DFCBD5D4}"
EndProject
Project("{FAE04EC0-301F-11D3-BF4B-00C04F79EFBC}") = "03. BiggestTableRow", "03. BiggestTableRow\03. BiggestTableRow.csproj", "{46E58D00-F536-4F40-B4C3-0DB353E377C8}"
EndProject
Global
	GlobalSection(SolutionConfigurationPlatforms) = preSolution
		Debug|Any CPU = Debug|Any CPU
		Release|Any CPU = Release|Any CPU
	EndGlobalSection
	GlobalSection(ProjectConfigurationPlatforms) = postSolution
		{477D09F8-31BA-4E51-84EE-4ECB707EA9C9}.Debug|Any CPU.ActiveCfg = Debug|Any CPU
		{477D09F8-31BA-4E51-84EE-4ECB707EA9C9}.Debug|Any CPU.Build.0 = Debug|Any CPU
		{477D09F8-31BA-4E51-84EE-4ECB707EA9C9}.Release|Any CPU.ActiveCfg = Release|Any CPU
		{477D09F8-31BA-4E51-84EE-4ECB707EA9C9}.Release|Any CPU.Build.0 = Release|Any CPU
		{0BEF44A8-1576-49B7-BC1D-B2B71FFA96CC}.Debug|Any CPU.ActiveCfg = Debug|Any CPU
		{0BEF44A8-1576-49B7-BC1D-B2B71FFA96CC}.Debug|Any CPU.Build.0 = Debug|Any CPU
		{0BEF44A8-1576-49B7-BC1D-B2B71FFA96CC}.Release|Any CPU.ActiveCfg = Release|Any CPU
		{0BEF44A8-1576-49B7-BC1D-B2B71FFA96CC}.Release|Any CPU.Build.0 = Release|Any CPU
		{9CC29305-177F-442D-A493-0B74DFCBD5D4}.Debug|Any CPU.ActiveCfg = Debug|Any CPU
		{9CC29305-177F-442D-A493-0B74DFCBD5D4}.Debug|Any CPU.Build.0 = Debug|Any CPU
		{9CC29305-177F-442D-A493-0B74DFCBD5D4}.Release|Any CPU.ActiveCfg = Release|Any CPU
		{9CC29305-177F-442D-A493-0B74DFCBD5D4}.Release|Any CPU.Build.0 = Release|Any CPU
		{46E58D00-F536-4F40-B4C3-0DB353E377C8}.Debug|Any CPU.ActiveCfg = Debug|Any CPU
		{46E58D00-F536-4F40-B4C3-0DB353E377C8}.Debug|Any CPU.Build.0 = Debug|Any CPU
		{46E58D00-F536-4F40-B4C3-0DB353E377C8}.Release|Any CPU.ActiveCfg = Release|Any CPU
		{46E58D00-F536-4F40-B4C3-0DB353E377C8}.Release|Any CPU.Build.0 = Release|Any CPU
	EndGlobalSection
	GlobalSection(SolutionProperties) = preSolution
		HideSolutionNode = FALSE
	EndGlobalSection
EndGlobal
