
Microsoft Visual Studio Solution File, Format Version 12.00
# Visual Studio 2013
VisualStudioVersion = 12.0.31101.0
MinimumVisualStudioVersion = 10.0.40219.1
Project("{FAE04EC0-301F-11D3-BF4B-00C04F79EFBC}") = "01. Routing", "01. Routing\01. Routing.csproj", "{761089A6-F98B-426B-B153-58570969E70A}"
EndProject
Project("{FAE04EC0-301F-11D3-BF4B-00C04F79EFBC}") = "02. Templating", "02. Templating\02. Templating.csproj", "{2B2BCFCB-46A0-44EB-9733-139DDEF84E04}"
EndProject
Project("{FAE04EC0-301F-11D3-BF4B-00C04F79EFBC}") = "03. StudentCollection", "03. StudentCollection\03. StudentCollection.csproj", "{45E93056-13BE-4592-8B5D-6A6E0BCC1181}"
EndProject
Project("{FAE04EC0-301F-11D3-BF4B-00C04F79EFBC}") = "04. BookStore", "04. BookStore\04. BookStore.csproj", "{77418045-4DC8-41D9-991E-9985DEF48347}"
EndProject
Global
	GlobalSection(SolutionConfigurationPlatforms) = preSolution
		Debug|Any CPU = Debug|Any CPU
		Release|Any CPU = Release|Any CPU
	EndGlobalSection
	GlobalSection(ProjectConfigurationPlatforms) = postSolution
		{761089A6-F98B-426B-B153-58570969E70A}.Debug|Any CPU.ActiveCfg = Debug|Any CPU
		{761089A6-F98B-426B-B153-58570969E70A}.Debug|Any CPU.Build.0 = Debug|Any CPU
		{761089A6-F98B-426B-B153-58570969E70A}.Release|Any CPU.ActiveCfg = Release|Any CPU
		{761089A6-F98B-426B-B153-58570969E70A}.Release|Any CPU.Build.0 = Release|Any CPU
		{2B2BCFCB-46A0-44EB-9733-139DDEF84E04}.Debug|Any CPU.ActiveCfg = Debug|Any CPU
		{2B2BCFCB-46A0-44EB-9733-139DDEF84E04}.Debug|Any CPU.Build.0 = Debug|Any CPU
		{2B2BCFCB-46A0-44EB-9733-139DDEF84E04}.Release|Any CPU.ActiveCfg = Release|Any CPU
		{2B2BCFCB-46A0-44EB-9733-139DDEF84E04}.Release|Any CPU.Build.0 = Release|Any CPU
		{45E93056-13BE-4592-8B5D-6A6E0BCC1181}.Debug|Any CPU.ActiveCfg = Debug|Any CPU
		{45E93056-13BE-4592-8B5D-6A6E0BCC1181}.Debug|Any CPU.Build.0 = Debug|Any CPU
		{45E93056-13BE-4592-8B5D-6A6E0BCC1181}.Release|Any CPU.ActiveCfg = Release|Any CPU
		{45E93056-13BE-4592-8B5D-6A6E0BCC1181}.Release|Any CPU.Build.0 = Release|Any CPU
		{77418045-4DC8-41D9-991E-9985DEF48347}.Debug|Any CPU.ActiveCfg = Debug|Any CPU
		{77418045-4DC8-41D9-991E-9985DEF48347}.Debug|Any CPU.Build.0 = Debug|Any CPU
		{77418045-4DC8-41D9-991E-9985DEF48347}.Release|Any CPU.ActiveCfg = Release|Any CPU
		{77418045-4DC8-41D9-991E-9985DEF48347}.Release|Any CPU.Build.0 = Release|Any CPU
	EndGlobalSection
	GlobalSection(SolutionProperties) = preSolution
		HideSolutionNode = FALSE
	EndGlobalSection
EndGlobal
