
Microsoft Visual Studio Solution File, Format Version 12.00
# Visual Studio 2013
VisualStudioVersion = 12.0.30723.0
MinimumVisualStudioVersion = 10.0.40219.1
Project("{FAE04EC0-301F-11D3-BF4B-00C04F79EFBC}") = "01. ITNews", "01. ITNews\01. ITNews.csproj", "{4E0418D9-B307-4528-9C8F-05C5A17417D5}"
EndProject
Project("{FAE04EC0-301F-11D3-BF4B-00C04F79EFBC}") = "02. AwesomeSite", "02. AwesomeSite\02. AwesomeSite.csproj", "{ACB6C1EA-201F-47F9-A5D2-78AE6B16DDBF}"
EndProject
Project("{FAE04EC0-301F-11D3-BF4B-00C04F79EFBC}") = "03. ContactForm", "03. ContactForm\03. ContactForm.csproj", "{5D646D26-2271-40D4-93DC-B0E0C3D10932}"
EndProject
Project("{FAE04EC0-301F-11D3-BF4B-00C04F79EFBC}") = "04. UnresponsiveToResponsiveSite", "04. UnresponsiveToResponsiveSite\04. UnresponsiveToResponsiveSite.csproj", "{584AE0B0-8378-46E2-9DAA-93AC145596F2}"
EndProject
Global
	GlobalSection(SolutionConfigurationPlatforms) = preSolution
		Debug|Any CPU = Debug|Any CPU
		Release|Any CPU = Release|Any CPU
	EndGlobalSection
	GlobalSection(ProjectConfigurationPlatforms) = postSolution
		{4E0418D9-B307-4528-9C8F-05C5A17417D5}.Debug|Any CPU.ActiveCfg = Debug|Any CPU
		{4E0418D9-B307-4528-9C8F-05C5A17417D5}.Debug|Any CPU.Build.0 = Debug|Any CPU
		{4E0418D9-B307-4528-9C8F-05C5A17417D5}.Release|Any CPU.ActiveCfg = Release|Any CPU
		{4E0418D9-B307-4528-9C8F-05C5A17417D5}.Release|Any CPU.Build.0 = Release|Any CPU
		{ACB6C1EA-201F-47F9-A5D2-78AE6B16DDBF}.Debug|Any CPU.ActiveCfg = Debug|Any CPU
		{ACB6C1EA-201F-47F9-A5D2-78AE6B16DDBF}.Debug|Any CPU.Build.0 = Debug|Any CPU
		{ACB6C1EA-201F-47F9-A5D2-78AE6B16DDBF}.Release|Any CPU.ActiveCfg = Release|Any CPU
		{ACB6C1EA-201F-47F9-A5D2-78AE6B16DDBF}.Release|Any CPU.Build.0 = Release|Any CPU
		{5D646D26-2271-40D4-93DC-B0E0C3D10932}.Debug|Any CPU.ActiveCfg = Debug|Any CPU
		{5D646D26-2271-40D4-93DC-B0E0C3D10932}.Debug|Any CPU.Build.0 = Debug|Any CPU
		{5D646D26-2271-40D4-93DC-B0E0C3D10932}.Release|Any CPU.ActiveCfg = Release|Any CPU
		{5D646D26-2271-40D4-93DC-B0E0C3D10932}.Release|Any CPU.Build.0 = Release|Any CPU
		{584AE0B0-8378-46E2-9DAA-93AC145596F2}.Debug|Any CPU.ActiveCfg = Debug|Any CPU
		{584AE0B0-8378-46E2-9DAA-93AC145596F2}.Debug|Any CPU.Build.0 = Debug|Any CPU
		{584AE0B0-8378-46E2-9DAA-93AC145596F2}.Release|Any CPU.ActiveCfg = Release|Any CPU
		{584AE0B0-8378-46E2-9DAA-93AC145596F2}.Release|Any CPU.Build.0 = Release|Any CPU
	EndGlobalSection
	GlobalSection(SolutionProperties) = preSolution
		HideSolutionNode = FALSE
	EndGlobalSection
EndGlobal
