
Microsoft Visual Studio Solution File, Format Version 12.00
# Visual Studio 2013
VisualStudioVersion = 12.0.31101.0
MinimumVisualStudioVersion = 10.0.40219.1
Project("{FAE04EC0-301F-11D3-BF4B-00C04F79EFBC}") = "01. ShowDataFromRelatedTables", "01. ShowDataFromRelatedTables\01. ShowDataFromRelatedTables.csproj", "{2CB955B4-8232-4CD4-8478-18CCAF89D525}"
EndProject
Project("{FAE04EC0-301F-11D3-BF4B-00C04F79EFBC}") = "02.01. PlayingWithToListNotOptimized", "02.01. PlayingWithToListNotOptimized\02.01. PlayingWithToListNotOptimized.csproj", "{5C3A0FBF-EF8A-48A1-8DF3-98AF3765890A}"
EndProject
Project("{FAE04EC0-301F-11D3-BF4B-00C04F79EFBC}") = "02.02. PlayingWithToListOptimized", "02.02. PlayingWithToListOptimized\02.02. PlayingWithToListOptimized.csproj", "{13C8A05D-EE4C-402B-9402-2C640C643530}"
EndProject
Project("{FAE04EC0-301F-11D3-BF4B-00C04F79EFBC}") = "03.01. SelectingEveryColumnFromAds", "03.01. SelectingEveryColumnFromAds\03.01. SelectingEveryColumnFromAds.csproj", "{6EAC13FE-69F3-4A37-B913-857BA3A4EE53}"
EndProject
Project("{FAE04EC0-301F-11D3-BF4B-00C04F79EFBC}") = "03.02. SelectOneColumnFromAds", "03.02. SelectOneColumnFromAds\03.02. SelectOneColumnFromAds.csproj", "{B9ABBC65-98B2-4839-B510-453A21B12117}"
EndProject
Global
	GlobalSection(SolutionConfigurationPlatforms) = preSolution
		Debug|Any CPU = Debug|Any CPU
		Release|Any CPU = Release|Any CPU
	EndGlobalSection
	GlobalSection(ProjectConfigurationPlatforms) = postSolution
		{2CB955B4-8232-4CD4-8478-18CCAF89D525}.Debug|Any CPU.ActiveCfg = Debug|Any CPU
		{2CB955B4-8232-4CD4-8478-18CCAF89D525}.Debug|Any CPU.Build.0 = Debug|Any CPU
		{2CB955B4-8232-4CD4-8478-18CCAF89D525}.Release|Any CPU.ActiveCfg = Release|Any CPU
		{2CB955B4-8232-4CD4-8478-18CCAF89D525}.Release|Any CPU.Build.0 = Release|Any CPU
		{5C3A0FBF-EF8A-48A1-8DF3-98AF3765890A}.Debug|Any CPU.ActiveCfg = Debug|Any CPU
		{5C3A0FBF-EF8A-48A1-8DF3-98AF3765890A}.Debug|Any CPU.Build.0 = Debug|Any CPU
		{5C3A0FBF-EF8A-48A1-8DF3-98AF3765890A}.Release|Any CPU.ActiveCfg = Release|Any CPU
		{5C3A0FBF-EF8A-48A1-8DF3-98AF3765890A}.Release|Any CPU.Build.0 = Release|Any CPU
		{13C8A05D-EE4C-402B-9402-2C640C643530}.Debug|Any CPU.ActiveCfg = Debug|Any CPU
		{13C8A05D-EE4C-402B-9402-2C640C643530}.Debug|Any CPU.Build.0 = Debug|Any CPU
		{13C8A05D-EE4C-402B-9402-2C640C643530}.Release|Any CPU.ActiveCfg = Release|Any CPU
		{13C8A05D-EE4C-402B-9402-2C640C643530}.Release|Any CPU.Build.0 = Release|Any CPU
		{6EAC13FE-69F3-4A37-B913-857BA3A4EE53}.Debug|Any CPU.ActiveCfg = Debug|Any CPU
		{6EAC13FE-69F3-4A37-B913-857BA3A4EE53}.Debug|Any CPU.Build.0 = Debug|Any CPU
		{6EAC13FE-69F3-4A37-B913-857BA3A4EE53}.Release|Any CPU.ActiveCfg = Release|Any CPU
		{6EAC13FE-69F3-4A37-B913-857BA3A4EE53}.Release|Any CPU.Build.0 = Release|Any CPU
		{B9ABBC65-98B2-4839-B510-453A21B12117}.Debug|Any CPU.ActiveCfg = Debug|Any CPU
		{B9ABBC65-98B2-4839-B510-453A21B12117}.Debug|Any CPU.Build.0 = Debug|Any CPU
		{B9ABBC65-98B2-4839-B510-453A21B12117}.Release|Any CPU.ActiveCfg = Release|Any CPU
		{B9ABBC65-98B2-4839-B510-453A21B12117}.Release|Any CPU.Build.0 = Release|Any CPU
	EndGlobalSection
	GlobalSection(SolutionProperties) = preSolution
		HideSolutionNode = FALSE
	EndGlobalSection
EndGlobal
