
Microsoft Visual Studio Solution File, Format Version 12.00
# Visual Studio 2013
VisualStudioVersion = 12.0.30723.0
MinimumVisualStudioVersion = 10.0.40219.1
Project("{FAE04EC0-301F-11D3-BF4B-00C04F79EFBC}") = "01. GradientCity", "01. GradientCity\01. GradientCity.csproj", "{A178042D-746B-47C2-9A6D-AC02612499C6}"
EndProject
Project("{FAE04EC0-301F-11D3-BF4B-00C04F79EFBC}") = "02. CrazyShakyGallery", "02. CrazyShakyGallery\02. CrazyShakyGallery.csproj", "{2F877A6B-1BF5-40AB-8CE4-F7ADCCBFE268}"
EndProject
Global
	GlobalSection(SolutionConfigurationPlatforms) = preSolution
		Debug|Any CPU = Debug|Any CPU
		Release|Any CPU = Release|Any CPU
	EndGlobalSection
	GlobalSection(ProjectConfigurationPlatforms) = postSolution
		{A178042D-746B-47C2-9A6D-AC02612499C6}.Debug|Any CPU.ActiveCfg = Debug|Any CPU
		{A178042D-746B-47C2-9A6D-AC02612499C6}.Debug|Any CPU.Build.0 = Debug|Any CPU
		{A178042D-746B-47C2-9A6D-AC02612499C6}.Release|Any CPU.ActiveCfg = Release|Any CPU
		{A178042D-746B-47C2-9A6D-AC02612499C6}.Release|Any CPU.Build.0 = Release|Any CPU
		{2F877A6B-1BF5-40AB-8CE4-F7ADCCBFE268}.Debug|Any CPU.ActiveCfg = Debug|Any CPU
		{2F877A6B-1BF5-40AB-8CE4-F7ADCCBFE268}.Debug|Any CPU.Build.0 = Debug|Any CPU
		{2F877A6B-1BF5-40AB-8CE4-F7ADCCBFE268}.Release|Any CPU.ActiveCfg = Release|Any CPU
		{2F877A6B-1BF5-40AB-8CE4-F7ADCCBFE268}.Release|Any CPU.Build.0 = Release|Any CPU
	EndGlobalSection
	GlobalSection(SolutionProperties) = preSolution
		HideSolutionNode = FALSE
	EndGlobalSection
EndGlobal
