
Microsoft Visual Studio Solution File, Format Version 12.00
# Visual Studio 2013
VisualStudioVersion = 12.0.30723.0
MinimumVisualStudioVersion = 10.0.40219.1
Project("{FAE04EC0-301F-11D3-BF4B-00C04F79EFBC}") = "01. Books", "01. Books\01. Books.csproj", "{139BA935-2735-4775-BF65-879675742FE2}"
EndProject
Project("{FAE04EC0-301F-11D3-BF4B-00C04F79EFBC}") = "02. LoremIpsumSite", "02. LoremIpsumSite\02. LoremIpsumSite.csproj", "{935D966F-AE49-46CC-9CEB-916F8AD78F61}"
EndProject
Project("{FAE04EC0-301F-11D3-BF4B-00C04F79EFBC}") = "04. UnresponsiveToResponsive", "04. UnresponsiveToResponsive\04. UnresponsiveToResponsive.csproj", "{CEFFEEEB-852C-4474-A077-F9858071F1F1}"
EndProject
Project("{FAE04EC0-301F-11D3-BF4B-00C04F79EFBC}") = "03. LoginSearchForm", "03. LoginSearchForm\03. LoginSearchForm.csproj", "{32B3839E-A0EF-4E9D-BE4F-08307D3D360D}"
EndProject
Global
	GlobalSection(SolutionConfigurationPlatforms) = preSolution
		Debug|Any CPU = Debug|Any CPU
		Release|Any CPU = Release|Any CPU
	EndGlobalSection
	GlobalSection(ProjectConfigurationPlatforms) = postSolution
		{139BA935-2735-4775-BF65-879675742FE2}.Debug|Any CPU.ActiveCfg = Debug|Any CPU
		{139BA935-2735-4775-BF65-879675742FE2}.Debug|Any CPU.Build.0 = Debug|Any CPU
		{139BA935-2735-4775-BF65-879675742FE2}.Release|Any CPU.ActiveCfg = Release|Any CPU
		{139BA935-2735-4775-BF65-879675742FE2}.Release|Any CPU.Build.0 = Release|Any CPU
		{935D966F-AE49-46CC-9CEB-916F8AD78F61}.Debug|Any CPU.ActiveCfg = Debug|Any CPU
		{935D966F-AE49-46CC-9CEB-916F8AD78F61}.Debug|Any CPU.Build.0 = Debug|Any CPU
		{935D966F-AE49-46CC-9CEB-916F8AD78F61}.Release|Any CPU.ActiveCfg = Release|Any CPU
		{935D966F-AE49-46CC-9CEB-916F8AD78F61}.Release|Any CPU.Build.0 = Release|Any CPU
		{CEFFEEEB-852C-4474-A077-F9858071F1F1}.Debug|Any CPU.ActiveCfg = Debug|Any CPU
		{CEFFEEEB-852C-4474-A077-F9858071F1F1}.Debug|Any CPU.Build.0 = Debug|Any CPU
		{CEFFEEEB-852C-4474-A077-F9858071F1F1}.Release|Any CPU.ActiveCfg = Release|Any CPU
		{CEFFEEEB-852C-4474-A077-F9858071F1F1}.Release|Any CPU.Build.0 = Release|Any CPU
		{32B3839E-A0EF-4E9D-BE4F-08307D3D360D}.Debug|Any CPU.ActiveCfg = Debug|Any CPU
		{32B3839E-A0EF-4E9D-BE4F-08307D3D360D}.Debug|Any CPU.Build.0 = Debug|Any CPU
		{32B3839E-A0EF-4E9D-BE4F-08307D3D360D}.Release|Any CPU.ActiveCfg = Release|Any CPU
		{32B3839E-A0EF-4E9D-BE4F-08307D3D360D}.Release|Any CPU.Build.0 = Release|Any CPU
	EndGlobalSection
	GlobalSection(SolutionProperties) = preSolution
		HideSolutionNode = FALSE
	EndGlobalSection
EndGlobal
