
Microsoft Visual Studio Solution File, Format Version 12.00
# Visual Studio 2013
VisualStudioVersion = 12.0.31101.0
MinimumVisualStudioVersion = 10.0.40219.1
Project("{FAE04EC0-301F-11D3-BF4B-00C04F79EFBC}") = "01. Customer", "01. Customer\01. Customer.csproj", "{5BEE12BF-17A8-45D8-AD89-7336048EAE38}"
EndProject
Project("{FAE04EC0-301F-11D3-BF4B-00C04F79EFBC}") = "02. StringDisperser", "02. StringDisperser\02. StringDisperser.csproj", "{8A39CE84-6E7D-497D-B9C3-7078D4D81124}"
EndProject
Global
	GlobalSection(SolutionConfigurationPlatforms) = preSolution
		Debug|Any CPU = Debug|Any CPU
		Release|Any CPU = Release|Any CPU
	EndGlobalSection
	GlobalSection(ProjectConfigurationPlatforms) = postSolution
		{5BEE12BF-17A8-45D8-AD89-7336048EAE38}.Debug|Any CPU.ActiveCfg = Debug|Any CPU
		{5BEE12BF-17A8-45D8-AD89-7336048EAE38}.Debug|Any CPU.Build.0 = Debug|Any CPU
		{5BEE12BF-17A8-45D8-AD89-7336048EAE38}.Release|Any CPU.ActiveCfg = Release|Any CPU
		{5BEE12BF-17A8-45D8-AD89-7336048EAE38}.Release|Any CPU.Build.0 = Release|Any CPU
		{8A39CE84-6E7D-497D-B9C3-7078D4D81124}.Debug|Any CPU.ActiveCfg = Debug|Any CPU
		{8A39CE84-6E7D-497D-B9C3-7078D4D81124}.Debug|Any CPU.Build.0 = Debug|Any CPU
		{8A39CE84-6E7D-497D-B9C3-7078D4D81124}.Release|Any CPU.ActiveCfg = Release|Any CPU
		{8A39CE84-6E7D-497D-B9C3-7078D4D81124}.Release|Any CPU.Build.0 = Release|Any CPU
	EndGlobalSection
	GlobalSection(SolutionProperties) = preSolution
		HideSolutionNode = FALSE
	EndGlobalSection
EndGlobal
